
Microsoft Visual Studio Solution File, Format Version 12.00
# Visual Studio Version 17
VisualStudioVersion = 17.6.33723.286
MinimumVisualStudioVersion = 10.0.40219.1
Project("{FAE04EC0-301F-11D3-BF4B-00C04F79EFBC}") = "CountryGwpApi", "CountryGwpApi\CountryGwpApi.csproj", "{92B57809-FE11-4BBB-B164-2482D2589351}"
EndProject
Project("{FAE04EC0-301F-11D3-BF4B-00C04F79EFBC}") = "CountryGwpApi.Tests", "CountryGwpApi.Tests\CountryGwpApi.Tests.csproj", "{92812B1C-A78E-4FAD-9487-2DA2FB0714CE}"
EndProject
Global
	GlobalSection(SolutionConfigurationPlatforms) = preSolution
		Debug|Any CPU = Debug|Any CPU
		Release|Any CPU = Release|Any CPU
	EndGlobalSection
	GlobalSection(ProjectConfigurationPlatforms) = postSolution
		{92B57809-FE11-4BBB-B164-2482D2589351}.Debug|Any CPU.ActiveCfg = Debug|Any CPU
		{92B57809-FE11-4BBB-B164-2482D2589351}.Debug|Any CPU.Build.0 = Debug|Any CPU
		{92B57809-FE11-4BBB-B164-2482D2589351}.Release|Any CPU.ActiveCfg = Release|Any CPU
		{92B57809-FE11-4BBB-B164-2482D2589351}.Release|Any CPU.Build.0 = Release|Any CPU
		{92812B1C-A78E-4FAD-9487-2DA2FB0714CE}.Debug|Any CPU.ActiveCfg = Debug|Any CPU
		{92812B1C-A78E-4FAD-9487-2DA2FB0714CE}.Debug|Any CPU.Build.0 = Debug|Any CPU
		{92812B1C-A78E-4FAD-9487-2DA2FB0714CE}.Release|Any CPU.ActiveCfg = Release|Any CPU
		{92812B1C-A78E-4FAD-9487-2DA2FB0714CE}.Release|Any CPU.Build.0 = Release|Any CPU
	EndGlobalSection
	GlobalSection(SolutionProperties) = preSolution
		HideSolutionNode = FALSE
	EndGlobalSection
	GlobalSection(ExtensibilityGlobals) = postSolution
		SolutionGuid = {930E3CC8-A09C-49C1-80FC-73D6B7EA0FFA}
	EndGlobalSection
EndGlobal
